
Microsoft Visual Studio Solution File, Format Version 11.00
# Visual Studio 2010
Project("{8BC9CEB8-8B4A-11D0-8D11-00A0C91BC942}") = "FsmDetectorTest", "FsmDetectorTest\FsmDetectorTest.vcxproj", "{3170EAA3-7244-4567-B3AC-D4A74B2A6007}"
EndProject
Project("{8BC9CEB8-8B4A-11D0-8D11-00A0C91BC942}") = "libImageFilter", "ImageProcessing\libImageFilter\libImageFilter.vcxproj", "{7AED9FEE-4243-4622-B4DD-413A157E446B}"
EndProject
Project("{8BC9CEB8-8B4A-11D0-8D11-00A0C91BC942}") = "libCameraAbstraction", "Framework\libCameraAbstraction\libCameraAbstraction.vcxproj", "{A3E85482-DB13-4D6A-8DEC-C07B6F29AAC7}"
EndProject
Project("{8BC9CEB8-8B4A-11D0-8D11-00A0C91BC942}") = "lib3dWorld", "Tracking\lib3dWorld\lib3dWorld.vcxproj", "{F0B1D97E-EC76-4EB1-8421-F73CF5881A69}"
EndProject
Project("{8BC9CEB8-8B4A-11D0-8D11-00A0C91BC942}") = "libLogConfigTime", "Framework\libLogConfigTime\libLogConfigTime.vcxproj", "{8927A516-DE0F-4550-AE3F-14876252F716}"
EndProject
Project("{8BC9CEB8-8B4A-11D0-8D11-00A0C91BC942}") = "libVideoInput", "Framework\libVideoInput\libVideoInput.vcxproj", "{F0B55C60-9485-43E1-87E2-EDE6A73CCEEF}"
EndProject
Project("{8BC9CEB8-8B4A-11D0-8D11-00A0C91BC942}") = "libPlatformSpecifics", "Framework\libPlatformSpecifics\libPlatformSpecifics.vcxproj", "{5C2ABDC3-6E47-40C0-80A1-A020F188F756}"
EndProject
Project("{8BC9CEB8-8B4A-11D0-8D11-00A0C91BC942}") = "DetectorTrainingSetCreator", "DetectorTrainingSetCreator\DetectorTrainingSetCreator.vcxproj", "{CB70D3F1-F0EE-4199-96A0-4ADD8BEC1D8D}"
EndProject
Project("{8BC9CEB8-8B4A-11D0-8D11-00A0C91BC942}") = "libCommunication", "Framework\libCommunication\libCommunication.vcxproj", "{9E89C9BD-92D5-46A6-B7AB-B59A0DDFB391}"
EndProject
Project("{8BC9CEB8-8B4A-11D0-8D11-00A0C91BC942}") = "BkGndRemoverTest", "BkGndRemoverTest\BkGndRemoverTest.vcxproj", "{0A51B7E1-F952-4C2E-B95D-F989878D9727}"
EndProject
Project("{8BC9CEB8-8B4A-11D0-8D11-00A0C91BC942}") = "BlobTracker", "BlobTracker\BlobTracker.vcxproj", "{2C8C2716-7283-4D53-ACD9-824C2A9DC4F1}"
EndProject
Project("{8BC9CEB8-8B4A-11D0-8D11-00A0C91BC942}") = "cvblob", "cvblob\cvblob.vcxproj", "{03A49657-2C8C-4150-9D73-F2F5ED2617D1}"
EndProject
Project("{8BC9CEB8-8B4A-11D0-8D11-00A0C91BC942}") = "VideoPolygonDrawer", "VideoPolygonDrawer\VideoPolygonDrawer.vcxproj", "{92C427D1-F37A-4E72-BD8B-DD4A226367C6}"
EndProject
Global
	GlobalSection(SolutionConfigurationPlatforms) = preSolution
		Debug|Win32 = Debug|Win32
		Release|Win32 = Release|Win32
	EndGlobalSection
	GlobalSection(ProjectConfigurationPlatforms) = postSolution
		{3170EAA3-7244-4567-B3AC-D4A74B2A6007}.Debug|Win32.ActiveCfg = Debug|Win32
		{3170EAA3-7244-4567-B3AC-D4A74B2A6007}.Debug|Win32.Build.0 = Debug|Win32
		{3170EAA3-7244-4567-B3AC-D4A74B2A6007}.Release|Win32.ActiveCfg = Release|Win32
		{3170EAA3-7244-4567-B3AC-D4A74B2A6007}.Release|Win32.Build.0 = Release|Win32
		{7AED9FEE-4243-4622-B4DD-413A157E446B}.Debug|Win32.ActiveCfg = Debug|Win32
		{7AED9FEE-4243-4622-B4DD-413A157E446B}.Debug|Win32.Build.0 = Debug|Win32
		{7AED9FEE-4243-4622-B4DD-413A157E446B}.Release|Win32.ActiveCfg = Release|Win32
		{7AED9FEE-4243-4622-B4DD-413A157E446B}.Release|Win32.Build.0 = Release|Win32
		{A3E85482-DB13-4D6A-8DEC-C07B6F29AAC7}.Debug|Win32.ActiveCfg = Debug|Win32
		{A3E85482-DB13-4D6A-8DEC-C07B6F29AAC7}.Debug|Win32.Build.0 = Debug|Win32
		{A3E85482-DB13-4D6A-8DEC-C07B6F29AAC7}.Release|Win32.ActiveCfg = Release|Win32
		{A3E85482-DB13-4D6A-8DEC-C07B6F29AAC7}.Release|Win32.Build.0 = Release|Win32
		{F0B1D97E-EC76-4EB1-8421-F73CF5881A69}.Debug|Win32.ActiveCfg = Debug|Win32
		{F0B1D97E-EC76-4EB1-8421-F73CF5881A69}.Debug|Win32.Build.0 = Debug|Win32
		{F0B1D97E-EC76-4EB1-8421-F73CF5881A69}.Release|Win32.ActiveCfg = Release|Win32
		{F0B1D97E-EC76-4EB1-8421-F73CF5881A69}.Release|Win32.Build.0 = Release|Win32
		{8927A516-DE0F-4550-AE3F-14876252F716}.Debug|Win32.ActiveCfg = Debug|Win32
		{8927A516-DE0F-4550-AE3F-14876252F716}.Debug|Win32.Build.0 = Debug|Win32
		{8927A516-DE0F-4550-AE3F-14876252F716}.Release|Win32.ActiveCfg = Release|Win32
		{8927A516-DE0F-4550-AE3F-14876252F716}.Release|Win32.Build.0 = Release|Win32
		{F0B55C60-9485-43E1-87E2-EDE6A73CCEEF}.Debug|Win32.ActiveCfg = Debug|Win32
		{F0B55C60-9485-43E1-87E2-EDE6A73CCEEF}.Debug|Win32.Build.0 = Debug|Win32
		{F0B55C60-9485-43E1-87E2-EDE6A73CCEEF}.Release|Win32.ActiveCfg = Release|Win32
		{F0B55C60-9485-43E1-87E2-EDE6A73CCEEF}.Release|Win32.Build.0 = Release|Win32
		{5C2ABDC3-6E47-40C0-80A1-A020F188F756}.Debug|Win32.ActiveCfg = Debug|Win32
		{5C2ABDC3-6E47-40C0-80A1-A020F188F756}.Debug|Win32.Build.0 = Debug|Win32
		{5C2ABDC3-6E47-40C0-80A1-A020F188F756}.Release|Win32.ActiveCfg = Release|Win32
		{5C2ABDC3-6E47-40C0-80A1-A020F188F756}.Release|Win32.Build.0 = Release|Win32
		{CB70D3F1-F0EE-4199-96A0-4ADD8BEC1D8D}.Debug|Win32.ActiveCfg = Debug|Win32
		{CB70D3F1-F0EE-4199-96A0-4ADD8BEC1D8D}.Debug|Win32.Build.0 = Debug|Win32
		{CB70D3F1-F0EE-4199-96A0-4ADD8BEC1D8D}.Release|Win32.ActiveCfg = Release|Win32
		{CB70D3F1-F0EE-4199-96A0-4ADD8BEC1D8D}.Release|Win32.Build.0 = Release|Win32
		{9E89C9BD-92D5-46A6-B7AB-B59A0DDFB391}.Debug|Win32.ActiveCfg = Debug|Win32
		{9E89C9BD-92D5-46A6-B7AB-B59A0DDFB391}.Debug|Win32.Build.0 = Debug|Win32
		{9E89C9BD-92D5-46A6-B7AB-B59A0DDFB391}.Release|Win32.ActiveCfg = Release|Win32
		{9E89C9BD-92D5-46A6-B7AB-B59A0DDFB391}.Release|Win32.Build.0 = Release|Win32
		{0A51B7E1-F952-4C2E-B95D-F989878D9727}.Debug|Win32.ActiveCfg = Debug|Win32
		{0A51B7E1-F952-4C2E-B95D-F989878D9727}.Debug|Win32.Build.0 = Debug|Win32
		{0A51B7E1-F952-4C2E-B95D-F989878D9727}.Release|Win32.ActiveCfg = Release|Win32
		{0A51B7E1-F952-4C2E-B95D-F989878D9727}.Release|Win32.Build.0 = Release|Win32
		{2C8C2716-7283-4D53-ACD9-824C2A9DC4F1}.Debug|Win32.ActiveCfg = Debug|Win32
		{2C8C2716-7283-4D53-ACD9-824C2A9DC4F1}.Debug|Win32.Build.0 = Debug|Win32
		{2C8C2716-7283-4D53-ACD9-824C2A9DC4F1}.Release|Win32.ActiveCfg = Release|Win32
		{2C8C2716-7283-4D53-ACD9-824C2A9DC4F1}.Release|Win32.Build.0 = Release|Win32
		{03A49657-2C8C-4150-9D73-F2F5ED2617D1}.Debug|Win32.ActiveCfg = Debug|Win32
		{03A49657-2C8C-4150-9D73-F2F5ED2617D1}.Debug|Win32.Build.0 = Debug|Win32
		{03A49657-2C8C-4150-9D73-F2F5ED2617D1}.Release|Win32.ActiveCfg = Release|Win32
		{03A49657-2C8C-4150-9D73-F2F5ED2617D1}.Release|Win32.Build.0 = Release|Win32
		{92C427D1-F37A-4E72-BD8B-DD4A226367C6}.Debug|Win32.ActiveCfg = Debug|Win32
		{92C427D1-F37A-4E72-BD8B-DD4A226367C6}.Debug|Win32.Build.0 = Debug|Win32
		{92C427D1-F37A-4E72-BD8B-DD4A226367C6}.Release|Win32.ActiveCfg = Release|Win32
		{92C427D1-F37A-4E72-BD8B-DD4A226367C6}.Release|Win32.Build.0 = Release|Win32
	EndGlobalSection
	GlobalSection(SolutionProperties) = preSolution
		HideSolutionNode = FALSE
	EndGlobalSection
EndGlobal
